
Microsoft Visual Studio Solution File, Format Version 12.00
# Visual Studio Version 17
VisualStudioVersion = 17.8.34525.116
MinimumVisualStudioVersion = 10.0.40219.1
Project("{FAE04EC0-301F-11D3-BF4B-00C04F79EFBC}") = "Reviva", "plugin\Reviva.csproj", "{EAA34301-9D91-4AA2-9212-ABDE26573DAD}"
EndProject
Global
	GlobalSection(SolutionConfigurationPlatforms) = preSolution
		Debug|Any CPU = Debug|Any CPU
		Release|Any CPU = Release|Any CPU
	EndGlobalSection
	GlobalSection(ProjectConfigurationPlatforms) = postSolution
		{EAA34301-9D91-4AA2-9212-ABDE26573DAD}.Debug|Any CPU.ActiveCfg = Debug|Any CPU
		{EAA34301-9D91-4AA2-9212-ABDE26573DAD}.Debug|Any CPU.Build.0 = Debug|Any CPU
		{EAA34301-9D91-4AA2-9212-ABDE26573DAD}.Release|Any CPU.ActiveCfg = Release|Any CPU
		{EAA34301-9D91-4AA2-9212-ABDE26573DAD}.Release|Any CPU.Build.0 = Release|Any CPU
	EndGlobalSection
	GlobalSection(SolutionProperties) = preSolution
		HideSolutionNode = FALSE
	EndGlobalSection
	GlobalSection(ExtensibilityGlobals) = postSolution
		SolutionGuid = {AD2ABB7B-E583-407B-9A96-A86EB0BF85BD}
	EndGlobalSection
EndGlobal
